
Microsoft Visual Studio Solution File, Format Version 12.00
# Visual Studio 2012
# SharpDevelop 5.1
VisualStudioVersion = 15.0.27130.2010
MinimumVisualStudioVersion = 10.0.40219.1
Project("{FAE04EC0-301F-11D3-BF4B-00C04F79EFBC}") = "XLPlatform", "XLPlatform.csproj", "{0626272C-BAC4-435B-BA9D-C3436C5A1564}"
EndProject
Project("{FAE04EC0-301F-11D3-BF4B-00C04F79EFBC}") = "TestAPP", "..\TestAPP\TestAPP.csproj", "{501DDA37-A9C6-41D3-9D23-2A47122DF569}"
EndProject
Project("{FAE04EC0-301F-11D3-BF4B-00C04F79EFBC}") = "AppCommon", "..\..\Shikii_Vision_App_Framework\应用基建\AppCommon.csproj", "{1FBA2CBC-8701-471A-A78F-AEC1119A5962}"
EndProject
Project("{FAE04EC0-301F-11D3-BF4B-00C04F79EFBC}") = "TestCBX_Binding", "..\..\TestCBX_Binding\TestCBX_Binding.csproj", "{ED1F27D8-04B2-4250-90DB-D909467168CD}"
EndProject
Project("{FAE04EC0-301F-11D3-BF4B-00C04F79EFBC}") = "DBManager", "..\..\Shikii_Vision_App_Framework\数据库\嵌入型\DBManager.csproj", "{203DBCC1-7FE8-489F-9204-0D01F6CA0A18}"
EndProject
Global
	GlobalSection(SolutionConfigurationPlatforms) = preSolution
		Debug|Any CPU = Debug|Any CPU
		Release|Any CPU = Release|Any CPU
	EndGlobalSection
	GlobalSection(ProjectConfigurationPlatforms) = postSolution
		{0626272C-BAC4-435B-BA9D-C3436C5A1564}.Debug|Any CPU.ActiveCfg = Debug|Any CPU
		{0626272C-BAC4-435B-BA9D-C3436C5A1564}.Debug|Any CPU.Build.0 = Debug|Any CPU
		{0626272C-BAC4-435B-BA9D-C3436C5A1564}.Release|Any CPU.ActiveCfg = Release|Any CPU
		{0626272C-BAC4-435B-BA9D-C3436C5A1564}.Release|Any CPU.Build.0 = Release|Any CPU
		{501DDA37-A9C6-41D3-9D23-2A47122DF569}.Debug|Any CPU.ActiveCfg = Debug|Any CPU
		{501DDA37-A9C6-41D3-9D23-2A47122DF569}.Debug|Any CPU.Build.0 = Debug|Any CPU
		{501DDA37-A9C6-41D3-9D23-2A47122DF569}.Release|Any CPU.ActiveCfg = Release|Any CPU
		{501DDA37-A9C6-41D3-9D23-2A47122DF569}.Release|Any CPU.Build.0 = Release|Any CPU
		{1FBA2CBC-8701-471A-A78F-AEC1119A5962}.Debug|Any CPU.ActiveCfg = Debug|Any CPU
		{1FBA2CBC-8701-471A-A78F-AEC1119A5962}.Debug|Any CPU.Build.0 = Debug|Any CPU
		{1FBA2CBC-8701-471A-A78F-AEC1119A5962}.Release|Any CPU.ActiveCfg = Release|Any CPU
		{1FBA2CBC-8701-471A-A78F-AEC1119A5962}.Release|Any CPU.Build.0 = Release|Any CPU
		{ED1F27D8-04B2-4250-90DB-D909467168CD}.Debug|Any CPU.ActiveCfg = Debug|Any CPU
		{ED1F27D8-04B2-4250-90DB-D909467168CD}.Debug|Any CPU.Build.0 = Debug|Any CPU
		{ED1F27D8-04B2-4250-90DB-D909467168CD}.Release|Any CPU.ActiveCfg = Release|Any CPU
		{ED1F27D8-04B2-4250-90DB-D909467168CD}.Release|Any CPU.Build.0 = Release|Any CPU
		{203DBCC1-7FE8-489F-9204-0D01F6CA0A18}.Debug|Any CPU.ActiveCfg = Debug|Any CPU
		{203DBCC1-7FE8-489F-9204-0D01F6CA0A18}.Debug|Any CPU.Build.0 = Debug|Any CPU
		{203DBCC1-7FE8-489F-9204-0D01F6CA0A18}.Release|Any CPU.ActiveCfg = Release|Any CPU
		{203DBCC1-7FE8-489F-9204-0D01F6CA0A18}.Release|Any CPU.Build.0 = Release|Any CPU
	EndGlobalSection
	GlobalSection(SolutionProperties) = preSolution
		HideSolutionNode = FALSE
	EndGlobalSection
	GlobalSection(ExtensibilityGlobals) = postSolution
		SolutionGuid = {75CA1EDB-196D-4D63-A4AA-E838208BBDE4}
	EndGlobalSection
EndGlobal
